
Microsoft Visual Studio Solution File, Format Version 12.00
# Visual Studio 15
VisualStudioVersion = 15.0.28307.1585
MinimumVisualStudioVersion = 10.0.40219.1
Project("{FAE04EC0-301F-11D3-BF4B-00C04F79EFBC}") = "E5-G2", "E5-G2\E5-G2.csproj", "{FBB2D83E-0116-476E-8B4B-9CC6646F20CE}"
EndProject
Global
	GlobalSection(SolutionConfigurationPlatforms) = preSolution
		Debug|Any CPU = Debug|Any CPU
		Release|Any CPU = Release|Any CPU
	EndGlobalSection
	GlobalSection(ProjectConfigurationPlatforms) = postSolution
		{FBB2D83E-0116-476E-8B4B-9CC6646F20CE}.Debug|Any CPU.ActiveCfg = Debug|Any CPU
		{FBB2D83E-0116-476E-8B4B-9CC6646F20CE}.Debug|Any CPU.Build.0 = Debug|Any CPU
		{FBB2D83E-0116-476E-8B4B-9CC6646F20CE}.Release|Any CPU.ActiveCfg = Release|Any CPU
		{FBB2D83E-0116-476E-8B4B-9CC6646F20CE}.Release|Any CPU.Build.0 = Release|Any CPU
	EndGlobalSection
	GlobalSection(SolutionProperties) = preSolution
		HideSolutionNode = FALSE
	EndGlobalSection
	GlobalSection(ExtensibilityGlobals) = postSolution
		SolutionGuid = {9354769A-3527-411F-B08A-1AF65832831F}
	EndGlobalSection
EndGlobal
